
Microsoft Visual Studio Solution File, Format Version 12.00
# Visual Studio Version 16
VisualStudioVersion = 16.0.29215.179
MinimumVisualStudioVersion = 10.0.40219.1
Project("{9A19103F-16F7-4668-BE54-9A1E7A4F7556}") = "QipPortal", "QipPortal\QipPortal.csproj", "{624BD7C7-ED58-4E68-92EE-58F4CD32D78D}"
EndProject
Global
	GlobalSection(SolutionConfigurationPlatforms) = preSolution
		Debug|Any CPU = Debug|Any CPU
		Release|Any CPU = Release|Any CPU
	EndGlobalSection
	GlobalSection(ProjectConfigurationPlatforms) = postSolution
		{624BD7C7-ED58-4E68-92EE-58F4CD32D78D}.Debug|Any CPU.ActiveCfg = Debug|Any CPU
		{624BD7C7-ED58-4E68-92EE-58F4CD32D78D}.Debug|Any CPU.Build.0 = Debug|Any CPU
		{624BD7C7-ED58-4E68-92EE-58F4CD32D78D}.Release|Any CPU.ActiveCfg = Release|Any CPU
		{624BD7C7-ED58-4E68-92EE-58F4CD32D78D}.Release|Any CPU.Build.0 = Release|Any CPU
		{8885E723-6155-498A-914C-CC1D8BD12E28}.Debug|Any CPU.ActiveCfg = Debug|Any CPU
		{8885E723-6155-498A-914C-CC1D8BD12E28}.Debug|Any CPU.Build.0 = Debug|Any CPU
		{8885E723-6155-498A-914C-CC1D8BD12E28}.Release|Any CPU.ActiveCfg = Release|Any CPU
		{8885E723-6155-498A-914C-CC1D8BD12E28}.Release|Any CPU.Build.0 = Release|Any CPU
	EndGlobalSection
	GlobalSection(SolutionProperties) = preSolution
		HideSolutionNode = FALSE
	EndGlobalSection
	GlobalSection(ExtensibilityGlobals) = postSolution
		SolutionGuid = {7DAFC8C7-F533-4679-89A5-D764C3CDE950}
	EndGlobalSection
EndGlobal
